{
  "name": "example",
  "version": "1.0.0",
  "lockfileVersion": 2,
  "requires": true,
  "packages": {
    "": {
      "name": "example",
      "version": "1.0.0",
      "license": "ISC",
      "dependencies": {
        "nodejs-env": "^1.0.0"
      }
    },
    "node_modules/nodejs-env": {
      "version": "1.0.0",
      "resolved": "https://registry.npmjs.org/nodejs-env/-/nodejs-env-1.0.0.tgz",
      "integrity": "sha512-rltkwcFVj3Sd5jdN0j+tsnG4qRQOQrpgR2pFjAAynei0oXb1VC7AaiNbJtzVvGLjETnzcwrLBgbokw2J6sRycg=="
    }
  },
  "dependencies": {
    "nodejs-env": {
      "version": "1.0.0",
      "resolved": "https://registry.npmjs.org/nodejs-env/-/nodejs-env-1.0.0.tgz",
      "integrity": "sha512-rltkwcFVj3Sd5jdN0j+tsnG4qRQOQrpgR2pFjAAynei0oXb1VC7AaiNbJtzVvGLjETnzcwrLBgbokw2J6sRycg=="
    }
  }
}
